PODS:
  - OCMock (2.2.2)
  - SMQuickSegue (0.1.0)

DEPENDENCIES:
  - OCMock
  - SMQuickSegue (from `../SMQuickSegue.podspec`)

EXTERNAL SOURCES:
  SMQuickSegue:
    :path: ../SMQuickSegue.podspec

SPEC CHECKSUMS:
  OCMock: ffba68873fd32cfd35d885bddad23bfa816da4a3
  SMQuickSegue: b9016d741fe3a40ab0729180477c541cca437a0c

COCOAPODS: 0.29.0
